{"is_source_file": false, "format": "", "description": "", "external_files": [], "external_methods": [], "published": [], "classes": [], "methods": [], "calls": [], "search-terms": [], "state": 2, "file_id": 11, "knowledge_revision": 25, "git_revision": "b1aab9d6734b179c3b0f9dd38a810a009c014f63", "hash": "9c4ed7ef73e22b872b8055bec08b8979", "format-version": 4, "code-base-name": "default", "filename": "quicknote/post_process_status.lock", "revision_history": [{"25": "b1aab9d6734b179c3b0f9dd38a810a009c014f63"}]}